
Microsoft Visual Studio Solution File, Format Version 12.00
# Visual Studio Version 17
VisualStudioVersion = 17.0.31903.59
MinimumVisualStudioVersion = 10.0.40219.1
Project("{9A19103F-16F7-4668-BE54-9A1E7A4F7556}") = "BookStore.Gateway", "src\ApiGateways\BookStore.Gateway\BookStore.Gateway.csproj", "{E61EECFA-E81B-4E2B-B4F2-E6AC253009CE}"
EndProject
Project("{2150E333-8FDC-42A3-9474-1A3956D46DE8}") = "ApiGateways", "ApiGateways", "{5E51551F-C119-49FC-8B01-E24C9B678270}"
EndProject
Project("{9A19103F-16F7-4668-BE54-9A1E7A4F7556}") = "BookStore.Aggregator", "src\ApiGateways\BookStore.Aggregator\BookStore.Aggregator.csproj", "{1BF3AD15-E66A-4BA5-941F-E52808C29321}"
EndProject
Project("{2150E333-8FDC-42A3-9474-1A3956D46DE8}") = "BuildingBlocks", "BuildingBlocks", "{1644DA24-9795-4A2B-A63C-F87791D79166}"
EndProject
Project("{9A19103F-16F7-4668-BE54-9A1E7A4F7556}") = "BookStore.Infrastructure", "src\BuildingBlocks\BookStore.Infrastructure\BookStore.Infrastructure.csproj", "{CBCC76C9-2DF2-4294-A861-0955700E48F6}"
EndProject
Project("{9A19103F-16F7-4668-BE54-9A1E7A4F7556}") = "BookStore.Persistence", "src\BuildingBlocks\BookStore.Persistence\BookStore.Persistence.csproj", "{77326EF6-17BB-47D6-9FBF-7248500584B1}"
EndProject
Project("{9A19103F-16F7-4668-BE54-9A1E7A4F7556}") = "BookStore.Core", "src\BuildingBlocks\BookStore.Core\BookStore.Core.csproj", "{5CA7078A-C09B-4ECA-AE9A-2B48D991116E}"
EndProject
Project("{2150E333-8FDC-42A3-9474-1A3956D46DE8}") = "Services", "Services", "{1C68F134-1BBC-47C1-A9A3-337E5C3A8382}"
EndProject
Project("{FAE04EC0-301F-11D3-BF4B-00C04F79EFBC}") = "BookStore.Identity", "src\Services\BookStore.Identity\BookStore.Identity.csproj", "{43BD7861-1F89-4043-B5D1-36C6918DA3FD}"
EndProject
Project("{FAE04EC0-301F-11D3-BF4B-00C04F79EFBC}") = "BookStore.Catalog", "src\Services\BookStore.Catalog\BookStore.Catalog.csproj", "{8339FE61-96EB-419A-A89A-937643D4D8BC}"
EndProject
Project("{FAE04EC0-301F-11D3-BF4B-00C04F79EFBC}") = "BookStore.Payment", "src\Services\BookStore.Payment\BookStore.Payment.csproj", "{1F01FC4B-954E-4C06-A6F1-EC885E10A871}"
EndProject
Project("{FAE04EC0-301F-11D3-BF4B-00C04F79EFBC}") = "BookStore.Ordering", "src\Services\BookStore.Ordering\BookStore.Ordering.csproj", "{447E7C89-F39D-4852-9014-7241C16C72B5}"
EndProject
Project("{FAE04EC0-301F-11D3-BF4B-00C04F79EFBC}") = "BookStore.Cart", "src\Services\BookStore.Cart\BookStore.Cart.csproj", "{ABA5C928-C777-4FFD-94BD-E9F6CFE4948C}"
EndProject
Project("{FAE04EC0-301F-11D3-BF4B-00C04F79EFBC}") = "BookStore.Searching", "src\Services\BookStore.Searching\BookStore.Searching.csproj", "{B04C4AF9-4845-4DB1-9A74-C4FC855D3A35}"
EndProject
Project("{2150E333-8FDC-42A3-9474-1A3956D46DE8}") = "Web", "Web", "{E1751CF4-3F53-454F-9F7B-F5D919149FC1}"
EndProject
Project("{FAE04EC0-301F-11D3-BF4B-00C04F79EFBC}") = "BookStore.Website", "src\Web\BookStore.Website\BookStore.Website\BookStore.Website.csproj", "{00E925ED-BEBA-45E6-A5D9-4B3C67297F04}"
EndProject
Project("{FAE04EC0-301F-11D3-BF4B-00C04F79EFBC}") = "BookStore.Website.Client", "src\Web\BookStore.Website\BookStore.Website.Client\BookStore.Website.Client.csproj", "{36F94334-62A9-4B54-8136-F6D1C7498E46}"
EndProject
Project("{FAE04EC0-301F-11D3-BF4B-00C04F79EFBC}") = "BookStore.WebStatus", "src\Web\BookStore.WebStatus\BookStore.WebStatus.csproj", "{1133B055-D0DA-478E-888B-AAEB5236435C}"
EndProject
Project("{FAE04EC0-301F-11D3-BF4B-00C04F79EFBC}") = "BookStore.Contracts", "src\BuildingBlocks\BookStore.Contracts\BookStore.Contracts.csproj", "{7602679B-8E5A-4BFF-84F4-C45728213850}"
EndProject
Global
	GlobalSection(SolutionConfigurationPlatforms) = preSolution
		Debug|Any CPU = Debug|Any CPU
		Release|Any CPU = Release|Any CPU
	EndGlobalSection
	GlobalSection(ProjectConfigurationPlatforms) = postSolution
		{E61EECFA-E81B-4E2B-B4F2-E6AC253009CE}.Debug|Any CPU.ActiveCfg = Debug|Any CPU
		{E61EECFA-E81B-4E2B-B4F2-E6AC253009CE}.Debug|Any CPU.Build.0 = Debug|Any CPU
		{E61EECFA-E81B-4E2B-B4F2-E6AC253009CE}.Release|Any CPU.ActiveCfg = Release|Any CPU
		{E61EECFA-E81B-4E2B-B4F2-E6AC253009CE}.Release|Any CPU.Build.0 = Release|Any CPU
		{1BF3AD15-E66A-4BA5-941F-E52808C29321}.Debug|Any CPU.ActiveCfg = Debug|Any CPU
		{1BF3AD15-E66A-4BA5-941F-E52808C29321}.Debug|Any CPU.Build.0 = Debug|Any CPU
		{1BF3AD15-E66A-4BA5-941F-E52808C29321}.Release|Any CPU.ActiveCfg = Release|Any CPU
		{1BF3AD15-E66A-4BA5-941F-E52808C29321}.Release|Any CPU.Build.0 = Release|Any CPU
		{CBCC76C9-2DF2-4294-A861-0955700E48F6}.Debug|Any CPU.ActiveCfg = Debug|Any CPU
		{CBCC76C9-2DF2-4294-A861-0955700E48F6}.Debug|Any CPU.Build.0 = Debug|Any CPU
		{CBCC76C9-2DF2-4294-A861-0955700E48F6}.Release|Any CPU.ActiveCfg = Release|Any CPU
		{CBCC76C9-2DF2-4294-A861-0955700E48F6}.Release|Any CPU.Build.0 = Release|Any CPU
		{77326EF6-17BB-47D6-9FBF-7248500584B1}.Debug|Any CPU.ActiveCfg = Debug|Any CPU
		{77326EF6-17BB-47D6-9FBF-7248500584B1}.Debug|Any CPU.Build.0 = Debug|Any CPU
		{77326EF6-17BB-47D6-9FBF-7248500584B1}.Release|Any CPU.ActiveCfg = Release|Any CPU
		{77326EF6-17BB-47D6-9FBF-7248500584B1}.Release|Any CPU.Build.0 = Release|Any CPU
		{5CA7078A-C09B-4ECA-AE9A-2B48D991116E}.Debug|Any CPU.ActiveCfg = Debug|Any CPU
		{5CA7078A-C09B-4ECA-AE9A-2B48D991116E}.Debug|Any CPU.Build.0 = Debug|Any CPU
		{5CA7078A-C09B-4ECA-AE9A-2B48D991116E}.Release|Any CPU.ActiveCfg = Release|Any CPU
		{5CA7078A-C09B-4ECA-AE9A-2B48D991116E}.Release|Any CPU.Build.0 = Release|Any CPU
		{43BD7861-1F89-4043-B5D1-36C6918DA3FD}.Debug|Any CPU.ActiveCfg = Debug|Any CPU
		{43BD7861-1F89-4043-B5D1-36C6918DA3FD}.Debug|Any CPU.Build.0 = Debug|Any CPU
		{43BD7861-1F89-4043-B5D1-36C6918DA3FD}.Release|Any CPU.ActiveCfg = Release|Any CPU
		{43BD7861-1F89-4043-B5D1-36C6918DA3FD}.Release|Any CPU.Build.0 = Release|Any CPU
		{8339FE61-96EB-419A-A89A-937643D4D8BC}.Debug|Any CPU.ActiveCfg = Debug|Any CPU
		{8339FE61-96EB-419A-A89A-937643D4D8BC}.Debug|Any CPU.Build.0 = Debug|Any CPU
		{8339FE61-96EB-419A-A89A-937643D4D8BC}.Release|Any CPU.ActiveCfg = Release|Any CPU
		{8339FE61-96EB-419A-A89A-937643D4D8BC}.Release|Any CPU.Build.0 = Release|Any CPU
		{1F01FC4B-954E-4C06-A6F1-EC885E10A871}.Debug|Any CPU.ActiveCfg = Debug|Any CPU
		{1F01FC4B-954E-4C06-A6F1-EC885E10A871}.Debug|Any CPU.Build.0 = Debug|Any CPU
		{1F01FC4B-954E-4C06-A6F1-EC885E10A871}.Release|Any CPU.ActiveCfg = Release|Any CPU
		{1F01FC4B-954E-4C06-A6F1-EC885E10A871}.Release|Any CPU.Build.0 = Release|Any CPU
		{447E7C89-F39D-4852-9014-7241C16C72B5}.Debug|Any CPU.ActiveCfg = Debug|Any CPU
		{447E7C89-F39D-4852-9014-7241C16C72B5}.Debug|Any CPU.Build.0 = Debug|Any CPU
		{447E7C89-F39D-4852-9014-7241C16C72B5}.Release|Any CPU.ActiveCfg = Release|Any CPU
		{447E7C89-F39D-4852-9014-7241C16C72B5}.Release|Any CPU.Build.0 = Release|Any CPU
		{ABA5C928-C777-4FFD-94BD-E9F6CFE4948C}.Debug|Any CPU.ActiveCfg = Debug|Any CPU
		{ABA5C928-C777-4FFD-94BD-E9F6CFE4948C}.Debug|Any CPU.Build.0 = Debug|Any CPU
		{ABA5C928-C777-4FFD-94BD-E9F6CFE4948C}.Release|Any CPU.ActiveCfg = Release|Any CPU
		{ABA5C928-C777-4FFD-94BD-E9F6CFE4948C}.Release|Any CPU.Build.0 = Release|Any CPU
		{B04C4AF9-4845-4DB1-9A74-C4FC855D3A35}.Debug|Any CPU.ActiveCfg = Debug|Any CPU
		{B04C4AF9-4845-4DB1-9A74-C4FC855D3A35}.Debug|Any CPU.Build.0 = Debug|Any CPU
		{B04C4AF9-4845-4DB1-9A74-C4FC855D3A35}.Release|Any CPU.ActiveCfg = Release|Any CPU
		{B04C4AF9-4845-4DB1-9A74-C4FC855D3A35}.Release|Any CPU.Build.0 = Release|Any CPU
		{00E925ED-BEBA-45E6-A5D9-4B3C67297F04}.Debug|Any CPU.ActiveCfg = Debug|Any CPU
		{00E925ED-BEBA-45E6-A5D9-4B3C67297F04}.Debug|Any CPU.Build.0 = Debug|Any CPU
		{00E925ED-BEBA-45E6-A5D9-4B3C67297F04}.Release|Any CPU.ActiveCfg = Release|Any CPU
		{00E925ED-BEBA-45E6-A5D9-4B3C67297F04}.Release|Any CPU.Build.0 = Release|Any CPU
		{36F94334-62A9-4B54-8136-F6D1C7498E46}.Debug|Any CPU.ActiveCfg = Debug|Any CPU
		{36F94334-62A9-4B54-8136-F6D1C7498E46}.Debug|Any CPU.Build.0 = Debug|Any CPU
		{36F94334-62A9-4B54-8136-F6D1C7498E46}.Release|Any CPU.ActiveCfg = Release|Any CPU
		{36F94334-62A9-4B54-8136-F6D1C7498E46}.Release|Any CPU.Build.0 = Release|Any CPU
		{1133B055-D0DA-478E-888B-AAEB5236435C}.Debug|Any CPU.ActiveCfg = Debug|Any CPU
		{1133B055-D0DA-478E-888B-AAEB5236435C}.Debug|Any CPU.Build.0 = Debug|Any CPU
		{1133B055-D0DA-478E-888B-AAEB5236435C}.Release|Any CPU.ActiveCfg = Release|Any CPU
		{1133B055-D0DA-478E-888B-AAEB5236435C}.Release|Any CPU.Build.0 = Release|Any CPU
		{7602679B-8E5A-4BFF-84F4-C45728213850}.Debug|Any CPU.ActiveCfg = Debug|Any CPU
		{7602679B-8E5A-4BFF-84F4-C45728213850}.Debug|Any CPU.Build.0 = Debug|Any CPU
		{7602679B-8E5A-4BFF-84F4-C45728213850}.Release|Any CPU.ActiveCfg = Release|Any CPU
		{7602679B-8E5A-4BFF-84F4-C45728213850}.Release|Any CPU.Build.0 = Release|Any CPU
	EndGlobalSection
	GlobalSection(SolutionProperties) = preSolution
		HideSolutionNode = FALSE
	EndGlobalSection
	GlobalSection(NestedProjects) = preSolution
		{E61EECFA-E81B-4E2B-B4F2-E6AC253009CE} = {5E51551F-C119-49FC-8B01-E24C9B678270}
		{1BF3AD15-E66A-4BA5-941F-E52808C29321} = {5E51551F-C119-49FC-8B01-E24C9B678270}
		{CBCC76C9-2DF2-4294-A861-0955700E48F6} = {1644DA24-9795-4A2B-A63C-F87791D79166}
		{77326EF6-17BB-47D6-9FBF-7248500584B1} = {1644DA24-9795-4A2B-A63C-F87791D79166}
		{5CA7078A-C09B-4ECA-AE9A-2B48D991116E} = {1644DA24-9795-4A2B-A63C-F87791D79166}
		{43BD7861-1F89-4043-B5D1-36C6918DA3FD} = {1C68F134-1BBC-47C1-A9A3-337E5C3A8382}
		{8339FE61-96EB-419A-A89A-937643D4D8BC} = {1C68F134-1BBC-47C1-A9A3-337E5C3A8382}
		{1F01FC4B-954E-4C06-A6F1-EC885E10A871} = {1C68F134-1BBC-47C1-A9A3-337E5C3A8382}
		{447E7C89-F39D-4852-9014-7241C16C72B5} = {1C68F134-1BBC-47C1-A9A3-337E5C3A8382}
		{ABA5C928-C777-4FFD-94BD-E9F6CFE4948C} = {1C68F134-1BBC-47C1-A9A3-337E5C3A8382}
		{B04C4AF9-4845-4DB1-9A74-C4FC855D3A35} = {1C68F134-1BBC-47C1-A9A3-337E5C3A8382}
		{00E925ED-BEBA-45E6-A5D9-4B3C67297F04} = {E1751CF4-3F53-454F-9F7B-F5D919149FC1}
		{36F94334-62A9-4B54-8136-F6D1C7498E46} = {E1751CF4-3F53-454F-9F7B-F5D919149FC1}
		{1133B055-D0DA-478E-888B-AAEB5236435C} = {E1751CF4-3F53-454F-9F7B-F5D919149FC1}
		{7602679B-8E5A-4BFF-84F4-C45728213850} = {1644DA24-9795-4A2B-A63C-F87791D79166}
	EndGlobalSection
	GlobalSection(ExtensibilityGlobals) = postSolution
		SolutionGuid = {A2F6CEAD-071A-47F7-B79D-CBF7E6801FF8}
	EndGlobalSection
EndGlobal
